{
  "pins" : [
    {
      "identity" : "swiftfp",
      "kind" : "remoteSourceControl",
      "location" : "https://github.com/ShapovalovIlya/SwiftFP.git",
      "state" : {
        "branch" : "main",
        "revision" : "87580f71dcc2a4f76a11ee2ebda3719c54367dc2"
      }
    }
  ],
  "version" : 2
}
